// !$*UTF8*$!
{
	archiveVersion = 1;
	classes = {
	};
	objectVersion = 46;
	objects = {

/* Begin PBXBuildFile section */
		DA4CB8591C2377D800449488 /* AppDelegate.swift in Sources */ = {isa = PBXBuildFile; fileRef = DA4CB8581C2377D800449488 /* AppDelegate.swift */; };
		DA4CB85E1C2377D800449488 /* Main.storyboard in Resources */ = {isa = PBXBuildFile; fileRef = DA4CB85C1C2377D800449488 /* Main.storyboard */; };
		DA4CB8601C2377D800449488 /* Assets.xcassets in Resources */ = {isa = PBXBuildFile; fileRef = DA4CB85F1C2377D800449488 /* Assets.xcassets */; };
		DA4CB8631C2377D800449488 /* LaunchScreen.storyboard in Resources */ = {isa = PBXBuildFile; fileRef = DA4CB8611C2377D800449488 /* LaunchScreen.storyboard */; };
		DAB107E31C29AFF300BC9657 /* ProductViewController.swift in Sources */ = {isa = PBXBuildFile; fileRef = DAB107E21C29AFF300BC9657 /* ProductViewController.swift */; };
		DAB107E51C29B97400BC9657 /* ContactViewController.swift in Sources */ = {isa = PBXBuildFile; fileRef = DAB107E41C29B97400BC9657 /* ContactViewController.swift */; };
		DAFE35681C2AF27C003151B7 /* ProductsTableViewController.swift in Sources */ = {isa = PBXBuildFile; fileRef = DAFE35671C2AF27C003151B7 /* ProductsTableViewController.swift */; };
/* End PBXBuildFile section */

/* Begin PBXFileReference section */
		DA4CB8551C2377D800449488 /* GoodAsOldPhones.app */ = {isa = PBXFileReference; explicitFileType = wrapper.application; includeInIndex = 0; path = GoodAsOldPhones.app; sourceTree = BUILT_PRODUCTS_DIR; };
		DA4CB8581C2377D800449488 /* AppDelegate.swift */ = {isa = PBXFileReference; lastKnownFileType = sourcecode.swift; path = AppDelegate.swift; sourceTree = "<group>"; };
		DA4CB85D1C2377D800449488 /* Base */ = {isa = PBXFileReference; lastKnownFileType = file.storyboard; name = Base; path = Base.lproj/Main.storyboard; sourceTree = "<group>"; };
		DA4CB85F1C2377D800449488 /* Assets.xcassets */ = {isa = PBXFileReference; lastKnownFileType = folder.assetcatalog; path = Assets.xcassets; sourceTree = "<group>"; };
		DA4CB8621C2377D800449488 /* Base */ = {isa = PBXFileReference; lastKnownFileType = file.storyboard; name = Base; path = Base.lproj/LaunchScreen.storyboard; sourceTree = "<group>"; };
		DA4CB8641C2377D800449488 /* Info.plist */ = {isa = PBXFileReference; lastKnownFileType = text.plist.xml; path = Info.plist; sourceTree = "<group>"; };
		DAB107E21C29AFF300BC9657 /* ProductViewController.swift */ = {isa = PBXFileReference; fileEncoding = 4; lastKnownFileType = sourcecode.swift; path = ProductViewController.swift; sourceTree = "<group>"; };
		DAB107E41C29B97400BC9657 /* ContactViewController.swift */ = {isa = PBXFileReference; fileEncoding = 4; lastKnownFileType = sourcecode.swift; path = ContactViewController.swift; sourceTree = "<group>"; };
		DAFE35671C2AF27C003151B7 /* ProductsTableViewController.swift */ = {isa = PBXFileReference; fileEncoding = 4; lastKnownFileType = sourcecode.swift; path = ProductsTableViewController.swift; sourceTree = "<group>"; };
/* End PBXFileReference section */

/* Begin PBXFrameworksBuildPhase section */
		DA4CB8521C2377D800449488 /* Frameworks */ = {
			isa = PBXFrameworksBuildPhase;
			buildActionMask = 2147483647;
			files = (
			);
			runOnlyForDeploymentPostprocessing = 0;
		};
/* End PBXFrameworksBuildPhase section */

/* Begin PBXGroup section */
		DA4CB84C1C2377D800449488 = {
			isa = PBXGroup;
			children = (
				DA4CB8571C2377D800449488 /* GoodAsOldPhones */,
				DA4CB8561C2377D800449488 /* Products */,
			);
			sourceTree = "<group>";
		};
		DA4CB8561C2377D800449488 /* Products */ = {
			isa = PBXGroup;
			children = (
				DA4CB8551C2377D800449488 /* GoodAsOldPhones.app */,
			);
			name = Products;
			sourceTree = "<group>";
		};
		DA4CB8571C2377D800449488 /* GoodAsOldPhones */ = {
			isa = PBXGroup;
			children = (
				DA4CB8581C2377D800449488 /* AppDelegate.swift */,
				DA4CB85C1C2377D800449488 /* Main.storyboard */,
				DA4CB85F1C2377D800449488 /* Assets.xcassets */,
				DA4CB8611C2377D800449488 /* LaunchScreen.storyboard */,
				DA4CB8641C2377D800449488 /* Info.plist */,
				DAB107E21C29AFF300BC9657 /* ProductViewController.swift */,
				DAB107E41C29B97400BC9657 /* ContactViewController.swift */,
				DAFE35671C2AF27C003151B7 /* ProductsTableViewController.swift */,
			);
			path = GoodAsOldPhones;
			sourceTree = "<group>";
		};
/* End PBXGroup section */

/* Begin PBXNativeTarget section */
		DA4CB8541C2377D800449488 /* GoodAsOldPhones */ = {
			isa = PBXNativeTarget;
			buildConfigurationList = DA4CB8671C2377D800449488 /* Build configuration list for PBXNativeTarget "GoodAsOldPhones" */;
			buildPhases = (
				DA4CB8511C2377D800449488 /* Sources */,
				DA4CB8521C2377D800449488 /* Frameworks */,
				DA4CB8531C2377D800449488 /* Resources */,
			);
			buildRules = (
			);
			dependencies = (
			);
			name = GoodAsOldPhones;
			productName = GoodAsOldPhones;
			productReference = DA4CB8551C2377D800449488 /* GoodAsOldPhones.app */;
			productType = "com.apple.product-type.application";
		};
/* End PBXNativeTarget section */

/* Begin PBXProject section */
		DA4CB84D1C2377D800449488 /* Project object */ = {
			isa = PBXProject;
			attributes = {
				LastSwiftUpdateCheck = 0720;
				LastUpgradeCheck = 0720;
				ORGANIZATIONNAME = "SEAN HAUGHEY";
				TargetAttributes = {
					DA4CB8541C2377D800449488 = {
						CreatedOnToolsVersion = 7.2;
						DevelopmentTeam = 7P7NE7K2V9;
					};
				};
			};
			buildConfigurationList = DA4CB8501C2377D800449488 /* Build configuration list for PBXProject "GoodAsOldPhones" */;
			compatibilityVersion = "Xcode 3.2";
			developmentRegion = English;
			hasScannedForEncodings = 0;
			knownRegions = (
				en,
				Base,
			);
			mainGroup = DA4CB84C1C2377D800449488;
			productRefGroup = DA4CB8561C2377D800449488 /* Products */;
			projectDirPath = "";
			projectRoot = "";
			targets = (
				DA4CB8541C2377D800449488 /* GoodAsOldPhones */,
			);
		};
/* End PBXProject section */

/* Begin PBXResourcesBuildPhase section */
		DA4CB8531C2377D800449488 /* Resources */ = {
			isa = PBXResourcesBuildPhase;
			buildActionMask = 2147483647;
			files = (
				DA4CB8631C2377D800449488 /* LaunchScreen.storyboard in Resources */,
				DA4CB8601C2377D800449488 /* Assets.xcassets in Resources */,
				DA4CB85E1C2377D800449488 /* Main.storyboard in Resources */,
			);
			runOnlyForDeploymentPostprocessing = 0;
		};
/* End PBXResourcesBuildPhase section */

/* Begin PBXSourcesBuildPhase section */
		DA4CB8511C2377D800449488 /* Sources */ = {
			isa = PBXSourcesBuildPhase;
			buildActionMask = 2147483647;
			files = (
				DAB107E31C29AFF300BC9657 /* ProductViewController.swift in Sources */,
				DAFE35681C2AF27C003151B7 /* ProductsTableViewController.swift in Sources */,
				DA4CB8591C2377D800449488 /* AppDelegate.swift in Sources */,
				DAB107E51C29B97400BC9657 /* ContactViewController.swift in Sources */,
			);
			runOnlyForDeploymentPostprocessing = 0;
		};
/* End PBXSourcesBuildPhase section */

/* Begin PBXVariantGroup section */
		DA4CB85C1C2377D800449488 /* Main.storyboard */ = {
			isa = PBXVariantGroup;
			children = (
				DA4CB85D1C2377D800449488 /* Base */,
			);
			name = Main.storyboard;
			sourceTree = "<group>";
		};
		DA4CB8611C2377D800449488 /* LaunchScreen.storyboard */ = {
			isa = PBXVariantGroup;
			children = (
				DA4CB8621C2377D800449488 /* Base */,
			);
			name = LaunchScreen.storyboard;
			sourceTree = "<group>";
		};
/* End PBXVariantGroup section */

/* Begin XCBuildConfiguration section */
		DA4CB8651C2377D800449488 /* Debug */ = {
			isa = XCBuildConfiguration;
			buildSettings = {
				ALWAYS_SEARCH_USER_PATHS = NO;
				CLANG_CXX_LANGUAGE_STANDARD = "gnu++0x";
				CLANG_CXX_LIBRARY = "libc++";
				CLANG_ENABLE_MODULES = YES;
				CLANG_ENABLE_OBJC_ARC = YES;
				CLANG_WARN_BOOL_CONVERSION = YES;
				CLANG_WARN_CONSTANT_CONVERSION = YES;
				CLANG_WARN_DIRECT_OBJC_ISA_USAGE = YES_ERROR;
				CLANG_WARN_EMPTY_BODY = YES;
				CLANG_WARN_ENUM_CONVERSION = YES;
				CLANG_WARN_INT_CONVERSION = YES;
				CLANG_WARN_OBJC_ROOT_CLASS = YES_ERROR;
				CLANG_WARN_UNREACHABLE_CODE = YES;
				CLANG_WARN__DUPLICATE_METHOD_MATCH = YES;
				"CODE_SIGN_IDENTITY[sdk=iphoneos*]" = "iPhone Developer";
				COPY_PHASE_STRIP = NO;
				DEBUG_INFORMATION_FORMAT = dwarf;
				ENABLE_STRICT_OBJC_MSGSEND = YES;
				ENABLE_TESTABILITY = YES;
				GCC_C_LANGUAGE_STANDARD = gnu99;
				GCC_DYNAMIC_NO_PIC = NO;
				GCC_NO_COMMON_BLOCKS = YES;
				GCC_OPTIMIZATION_LEVEL = 0;
				GCC_PREPROCESSOR_DEFINITIONS = (
					"DEBUG=1",
					"$(inherited)",
				);
				GCC_WARN_64_TO_32_BIT_CONVERSION = YES;
				GCC_WARN_ABOUT_RETURN_TYPE = YES_ERROR;
				GCC_WARN_UNDECLARED_SELECTOR = YES;
				GCC_WARN_UNINITIALIZED_AUTOS = YES_AGGRESSIVE;
				GCC_WARN_UNUSED_FUNCTION = YES;
				GCC_WARN_UNUSED_VARIABLE = YES;
				IPHONEOS_DEPLOYMENT_TARGET = 9.2;
				MTL_ENABLE_DEBUG_INFO = YES;
				ONLY_ACTIVE_ARCH = YES;
				SDKROOT = iphoneos;
				SWIFT_OPTIMIZATION_LEVEL = "-Onone";
			};
			name = Debug;
		};
		DA4CB8661C2377D800449488 /* Release */ = {
			isa = XCBuildConfiguration;
			buildSettings = {
				ALWAYS_SEARCH_USER_PATHS = NO;
				CLANG_CXX_LANGUAGE_STANDARD = "gnu++0x";
				CLANG_CXX_LIBRARY = "libc++";
				CLANG_ENABLE_MODULES = YES;
				CLANG_ENABLE_OBJC_ARC = YES;
				CLANG_WARN_BOOL_CONVERSION = YES;
				CLANG_WARN_CONSTANT_CONVERSION = YES;
				CLANG_WARN_DIRECT_OBJC_ISA_USAGE = YES_ERROR;
				CLANG_WARN_EMPTY_BODY = YES;
				CLANG_WARN_ENUM_CONVERSION = YES;
				CLANG_WARN_INT_CONVERSION = YES;
				CLANG_WARN_OBJC_ROOT_CLASS = YES_ERROR;
				CLANG_WARN_UNREACHABLE_CODE = YES;
				CLANG_WARN__DUPLICATE_METHOD_MATCH = YES;
				"CODE_SIGN_IDENTITY[sdk=iphoneos*]" = "iPhone Developer";
				COPY_PHASE_STRIP = NO;
				DEBUG_INFORMATION_FORMAT = "dwarf-with-dsym";
				ENABLE_NS_ASSERTIONS = NO;
				ENABLE_STRICT_OBJC_MSGSEND = YES;
				GCC_C_LANGUAGE_STANDARD = gnu99;
				GCC_NO_COMMON_BLOCKS = YES;
				GCC_WARN_64_TO_32_BIT_CONVERSION = YES;
				GCC_WARN_ABOUT_RETURN_TYPE = YES_ERROR;
				GCC_WARN_UNDECLARED_SELECTOR = YES;
				GCC_WARN_UNINITIALIZED_AUTOS = YES_AGGRESSIVE;
				GCC_WARN_UNUSED_FUNCTION = YES;
				GCC_WARN_UNUSED_VARIABLE = YES;
				IPHONEOS_DEPLOYMENT_TARGET = 9.2;
				MTL_ENABLE_DEBUG_INFO = NO;
				SDKROOT = iphoneos;
				VALIDATE_PRODUCT = YES;
			};
			name = Release;
		};
		DA4CB8681C2377D800449488 /* Debug */ = {
			isa = XCBuildConfiguration;
			buildSettings = {
				ASSETCATALOG_COMPILER_APPICON_NAME = AppIcon;
				INFOPLIST_FILE = GoodAsOldPhones/Info.plist;
				LD_RUNPATH_SEARCH_PATHS = "$(inherited) @executable_path/Frameworks";
				PRODUCT_BUNDLE_IDENTIFIER = com.seanhaughey.GoodAsOldPhones;
				PRODUCT_NAME = "$(TARGET_NAME)";
			};
			name = Debug;
		};
		DA4CB8691C2377D800449488 /* Release */ = {
			isa = XCBuildConfiguration;
			buildSettings = {
				ASSETCATALOG_COMPILER_APPICON_NAME = AppIcon;
				INFOPLIST_FILE = GoodAsOldPhones/Info.plist;
				LD_RUNPATH_SEARCH_PATHS = "$(inherited) @executable_path/Frameworks";
				PRODUCT_BUNDLE_IDENTIFIER = com.seanhaughey.GoodAsOldPhones;
				PRODUCT_NAME = "$(TARGET_NAME)";
			};
			name = Release;
		};
/* End XCBuildConfiguration section */

/* Begin XCConfigurationList section */
		DA4CB8501C2377D800449488 /* Build configuration list for PBXProject "GoodAsOldPhones" */ = {
			isa = XCConfigurationList;
			buildConfigurations = (
				DA4CB8651C2377D800449488 /* Debug */,
				DA4CB8661C2377D800449488 /* Release */,
			);
			defaultConfigurationIsVisible = 0;
			defaultConfigurationName = Release;
		};
		DA4CB8671C2377D800449488 /* Build configuration list for PBXNativeTarget "GoodAsOldPhones" */ = {
			isa = XCConfigurationList;
			buildConfigurations = (
				DA4CB8681C2377D800449488 /* Debug */,
				DA4CB8691C2377D800449488 /* Release */,
			);
			defaultConfigurationIsVisible = 0;
			defaultConfigurationName = Release;
		};
/* End XCConfigurationList section */
	};
	rootObject = DA4CB84D1C2377D800449488 /* Project object */;
}
